
Microsoft Visual Studio Solution File, Format Version 11.00
# Visual Studio 2010
Project("{FAE04EC0-301F-11D3-BF4B-00C04F79EFBC}") = "RazorEngineTest", "RazorEngineTest\RazorEngineTest.csproj", "{EF7BF55B-8F2F-4F37-8897-533C4724C719}"
EndProject
Global
	GlobalSection(SolutionConfigurationPlatforms) = preSolution
		Debug|Any CPU = Debug|Any CPU
		Release|Any CPU = Release|Any CPU
	EndGlobalSection
	GlobalSection(ProjectConfigurationPlatforms) = postSolution
		{EF7BF55B-8F2F-4F37-8897-533C4724C719}.Debug|Any CPU.ActiveCfg = Debug|Any CPU
		{EF7BF55B-8F2F-4F37-8897-533C4724C719}.Debug|Any CPU.Build.0 = Debug|Any CPU
		{EF7BF55B-8F2F-4F37-8897-533C4724C719}.Release|Any CPU.ActiveCfg = Release|Any CPU
		{EF7BF55B-8F2F-4F37-8897-533C4724C719}.Release|Any CPU.Build.0 = Release|Any CPU
	EndGlobalSection
	GlobalSection(SolutionProperties) = preSolution
		HideSolutionNode = FALSE
	EndGlobalSection
EndGlobal
